
Microsoft Visual Studio Solution File, Format Version 12.00
# Visual Studio Version 17
VisualStudioVersion = 17.13.35919.96 d17.13
MinimumVisualStudioVersion = 10.0.40219.1
Project("{FAE04EC0-301F-11D3-BF4B-00C04F79EFBC}") = "BankAccount", "BankAccount\BankAccount.csproj", "{DCCFF30C-B5D0-4232-9990-1E9A2B000B1A}"
EndProject
Global
	GlobalSection(SolutionConfigurationPlatforms) = preSolution
		Debug|Any CPU = Debug|Any CPU
		Release|Any CPU = Release|Any CPU
	EndGlobalSection
	GlobalSection(ProjectConfigurationPlatforms) = postSolution
		{DCCFF30C-B5D0-4232-9990-1E9A2B000B1A}.Debug|Any CPU.ActiveCfg = Debug|Any CPU
		{DCCFF30C-B5D0-4232-9990-1E9A2B000B1A}.Debug|Any CPU.Build.0 = Debug|Any CPU
		{DCCFF30C-B5D0-4232-9990-1E9A2B000B1A}.Release|Any CPU.ActiveCfg = Release|Any CPU
		{DCCFF30C-B5D0-4232-9990-1E9A2B000B1A}.Release|Any CPU.Build.0 = Release|Any CPU
	EndGlobalSection
	GlobalSection(SolutionProperties) = preSolution
		HideSolutionNode = FALSE
	EndGlobalSection
	GlobalSection(ExtensibilityGlobals) = postSolution
		SolutionGuid = {78B311CD-868F-42FF-8A09-7687A52000BF}
	EndGlobalSection
EndGlobal
